
Microsoft Visual Studio Solution File, Format Version 12.00
# Visual Studio Version 16
VisualStudioVersion = 16.0.32929.386
MinimumVisualStudioVersion = 10.0.40219.1
Project("{F184B08F-C81C-45F6-A57F-5ABD9991F28F}") = "RED_PASH", "MAS_PMSU\RED_PASH.vbproj", "{3BE0038C-428C-405B-9C5E-82523FDBB805}"
EndProject
Global
	GlobalSection(SolutionConfigurationPlatforms) = preSolution
		Debug|Any CPU = Debug|Any CPU
		Debug|x86 = Debug|x86
		Release|Any CPU = Release|Any CPU
		Release|x86 = Release|x86
	EndGlobalSection
	GlobalSection(ProjectConfigurationPlatforms) = postSolution
		{3BE0038C-428C-405B-9C5E-82523FDBB805}.Debug|Any CPU.ActiveCfg = Debug|Any CPU
		{3BE0038C-428C-405B-9C5E-82523FDBB805}.Debug|Any CPU.Build.0 = Debug|Any CPU
		{3BE0038C-428C-405B-9C5E-82523FDBB805}.Debug|x86.ActiveCfg = Debug|x86
		{3BE0038C-428C-405B-9C5E-82523FDBB805}.Debug|x86.Build.0 = Debug|x86
		{3BE0038C-428C-405B-9C5E-82523FDBB805}.Release|Any CPU.ActiveCfg = Release|Any CPU
		{3BE0038C-428C-405B-9C5E-82523FDBB805}.Release|Any CPU.Build.0 = Release|Any CPU
		{3BE0038C-428C-405B-9C5E-82523FDBB805}.Release|x86.ActiveCfg = Release|x86
		{3BE0038C-428C-405B-9C5E-82523FDBB805}.Release|x86.Build.0 = Release|x86
	EndGlobalSection
	GlobalSection(SolutionProperties) = preSolution
		HideSolutionNode = FALSE
	EndGlobalSection
	GlobalSection(ExtensibilityGlobals) = postSolution
		SolutionGuid = {1B22A1C4-F1C0-4E63-9893-B7A547A61812}
	EndGlobalSection
EndGlobal
